
Microsoft Visual Studio Solution File, Format Version 12.00
# Visual Studio Version 16
VisualStudioVersion = 16.0.32929.386
MinimumVisualStudioVersion = 10.0.40219.1
Project("{FAE04EC0-301F-11D3-BF4B-00C04F79EFBC}") = "BetterDisplayStands", "BetterDisplayStands\BetterDisplayStands.csproj", "{434B3E91-98E6-4226-B98E-E89A383DC592}"
EndProject
Global
	GlobalSection(SolutionConfigurationPlatforms) = preSolution
		Debug|Any CPU = Debug|Any CPU
		Release|Any CPU = Release|Any CPU
	EndGlobalSection
	GlobalSection(ProjectConfigurationPlatforms) = postSolution
		{434B3E91-98E6-4226-B98E-E89A383DC592}.Debug|Any CPU.ActiveCfg = Debug|Any CPU
		{434B3E91-98E6-4226-B98E-E89A383DC592}.Debug|Any CPU.Build.0 = Debug|Any CPU
		{434B3E91-98E6-4226-B98E-E89A383DC592}.Release|Any CPU.ActiveCfg = Release|Any CPU
		{434B3E91-98E6-4226-B98E-E89A383DC592}.Release|Any CPU.Build.0 = Release|Any CPU
	EndGlobalSection
	GlobalSection(SolutionProperties) = preSolution
		HideSolutionNode = FALSE
	EndGlobalSection
	GlobalSection(ExtensibilityGlobals) = postSolution
		SolutionGuid = {D2C124D1-5A87-4EB5-B7EE-ED73B70776A6}
	EndGlobalSection
EndGlobal
